// !$*UTF8*$!
{
	archiveVersion = 1;
	classes = {
	};
	objectVersion = 56;
	objects = {

/* Begin PBXBuildFile section */
		165A4FD82B1794EB0053AA48 /* AppDelegate.swift in Sources */ = {isa = PBXBuildFile; fileRef = 165A4FD72B1794EB0053AA48 /* AppDelegate.swift */; };
		165A4FDA2B1794EB0053AA48 /* SceneDelegate.swift in Sources */ = {isa = PBXBuildFile; fileRef = 165A4FD92B1794EB0053AA48 /* SceneDelegate.swift */; };
		165A4FDC2B1794EB0053AA48 /* ResultsVC.swift in Sources */ = {isa = PBXBuildFile; fileRef = 165A4FDB2B1794EB0053AA48 /* ResultsVC.swift */; };
		165A4FE12B1794EC0053AA48 /* Assets.xcassets in Resources */ = {isa = PBXBuildFile; fileRef = 165A4FE02B1794EC0053AA48 /* Assets.xcassets */; };
		165A4FE42B1794EC0053AA48 /* LaunchScreen.storyboard in Resources */ = {isa = PBXBuildFile; fileRef = 165A4FE22B1794EC0053AA48 /* LaunchScreen.storyboard */; };
		165A4FEC2B1796130053AA48 /* Main.storyboard in Resources */ = {isa = PBXBuildFile; fileRef = 165A4FEB2B1796130053AA48 /* Main.storyboard */; };
		165A4FEE2B18819F0053AA48 /* StickmanClothingCell.swift in Sources */ = {isa = PBXBuildFile; fileRef = 165A4FED2B18819F0053AA48 /* StickmanClothingCell.swift */; };
		165A4FF02B196D3A0053AA48 /* referTolater.swift in Sources */ = {isa = PBXBuildFile; fileRef = 165A4FEF2B196D3A0053AA48 /* referTolater.swift */; };
		165A4FF22B1977FB0053AA48 /* InputVC.swift in Sources */ = {isa = PBXBuildFile; fileRef = 165A4FF12B1977FB0053AA48 /* InputVC.swift */; };
		165A4FF62B1989A00053AA48 /* weatherResponse.swift in Sources */ = {isa = PBXBuildFile; fileRef = 165A4FF52B1989A00053AA48 /* weatherResponse.swift */; };
		165A4FF82B1A5C4B0053AA48 /* Networking.swift in Sources */ = {isa = PBXBuildFile; fileRef = 165A4FF72B1A5C4A0053AA48 /* Networking.swift */; };
		F7EE6A5AF3CBDD1C83CB8862 /* Pods_DressingWithWeather.framework in Frameworks */ = {isa = PBXBuildFile; fileRef = F326A3A50DFD00BED1FEE23A /* Pods_DressingWithWeather.framework */; };
/* End PBXBuildFile section */

/* Begin PBXFileReference section */
		165A4FD42B1794EB0053AA48 /* DressingWithWeather.app */ = {isa = PBXFileReference; explicitFileType = wrapper.application; includeInIndex = 0; path = DressingWithWeather.app; sourceTree = BUILT_PRODUCTS_DIR; };
		165A4FD72B1794EB0053AA48 /* AppDelegate.swift */ = {isa = PBXFileReference; lastKnownFileType = sourcecode.swift; path = AppDelegate.swift; sourceTree = "<group>"; };
		165A4FD92B1794EB0053AA48 /* SceneDelegate.swift */ = {isa = PBXFileReference; lastKnownFileType = sourcecode.swift; path = SceneDelegate.swift; sourceTree = "<group>"; };
		165A4FDB2B1794EB0053AA48 /* ResultsVC.swift */ = {isa = PBXFileReference; lastKnownFileType = sourcecode.swift; path = ResultsVC.swift; sourceTree = "<group>"; };
		165A4FE02B1794EC0053AA48 /* Assets.xcassets */ = {isa = PBXFileReference; lastKnownFileType = folder.assetcatalog; path = Assets.xcassets; sourceTree = "<group>"; };
		165A4FE32B1794EC0053AA48 /* Base */ = {isa = PBXFileReference; lastKnownFileType = file.storyboard; name = Base; path = Base.lproj/LaunchScreen.storyboard; sourceTree = "<group>"; };
		165A4FE52B1794EC0053AA48 /* Info.plist */ = {isa = PBXFileReference; lastKnownFileType = text.plist.xml; path = Info.plist; sourceTree = "<group>"; };
		165A4FEB2B1796130053AA48 /* Main.storyboard */ = {isa = PBXFileReference; fileEncoding = 4; lastKnownFileType = file.storyboard; path = Main.storyboard; sourceTree = "<group>"; };
		165A4FED2B18819F0053AA48 /* StickmanClothingCell.swift */ = {isa = PBXFileReference; lastKnownFileType = sourcecode.swift; path = StickmanClothingCell.swift; sourceTree = "<group>"; };
		165A4FEF2B196D3A0053AA48 /* referTolater.swift */ = {isa = PBXFileReference; lastKnownFileType = sourcecode.swift; path = referTolater.swift; sourceTree = "<group>"; };
		165A4FF12B1977FB0053AA48 /* InputVC.swift */ = {isa = PBXFileReference; fileEncoding = 4; lastKnownFileType = sourcecode.swift; path = InputVC.swift; sourceTree = "<group>"; };
		165A4FF52B1989A00053AA48 /* weatherResponse.swift */ = {isa = PBXFileReference; lastKnownFileType = sourcecode.swift; path = weatherResponse.swift; sourceTree = "<group>"; };
		165A4FF72B1A5C4A0053AA48 /* Networking.swift */ = {isa = PBXFileReference; lastKnownFileType = sourcecode.swift; path = Networking.swift; sourceTree = "<group>"; };
		AD0198B64715C3696A433E6E /* Pods-DressingWithWeather.debug.xcconfig */ = {isa = PBXFileReference; includeInIndex = 1; lastKnownFileType = text.xcconfig; name = "Pods-DressingWithWeather.debug.xcconfig"; path = "Target Support Files/Pods-DressingWithWeather/Pods-DressingWithWeather.debug.xcconfig"; sourceTree = "<group>"; };
		E94512CAC145906CC32A7C16 /* Pods-DressingWithWeather.release.xcconfig */ = {isa = PBXFileReference; includeInIndex = 1; lastKnownFileType = text.xcconfig; name = "Pods-DressingWithWeather.release.xcconfig"; path = "Target Support Files/Pods-DressingWithWeather/Pods-DressingWithWeather.release.xcconfig"; sourceTree = "<group>"; };
		F326A3A50DFD00BED1FEE23A /* Pods_DressingWithWeather.framework */ = {isa = PBXFileReference; explicitFileType = wrapper.framework; includeInIndex = 0; path = Pods_DressingWithWeather.framework; sourceTree = BUILT_PRODUCTS_DIR; };
/* End PBXFileReference section */

/* Begin PBXFrameworksBuildPhase section */
		165A4FD12B1794EB0053AA48 /* Frameworks */ = {
			isa = PBXFrameworksBuildPhase;
			buildActionMask = 2147483647;
			files = (
				F7EE6A5AF3CBDD1C83CB8862 /* Pods_DressingWithWeather.framework in Frameworks */,
			);
			runOnlyForDeploymentPostprocessing = 0;
		};
/* End PBXFrameworksBuildPhase section */

/* Begin PBXGroup section */
		165A4FCB2B1794EB0053AA48 = {
			isa = PBXGroup;
			children = (
				165A4FD62B1794EB0053AA48 /* DressingWithWeather */,
				165A4FD52B1794EB0053AA48 /* Products */,
				C2AB03B7000D8562DF19684A /* Pods */,
				C6DC0B6DA446068C8BB22D56 /* Frameworks */,
			);
			sourceTree = "<group>";
		};
		165A4FD52B1794EB0053AA48 /* Products */ = {
			isa = PBXGroup;
			children = (
				165A4FD42B1794EB0053AA48 /* DressingWithWeather.app */,
			);
			name = Products;
			sourceTree = "<group>";
		};
		165A4FD62B1794EB0053AA48 /* DressingWithWeather */ = {
			isa = PBXGroup;
			children = (
				165A4FD72B1794EB0053AA48 /* AppDelegate.swift */,
				165A4FD92B1794EB0053AA48 /* SceneDelegate.swift */,
				165A4FDB2B1794EB0053AA48 /* ResultsVC.swift */,
				165A4FF12B1977FB0053AA48 /* InputVC.swift */,
				165A4FED2B18819F0053AA48 /* StickmanClothingCell.swift */,
				165A4FF52B1989A00053AA48 /* weatherResponse.swift */,
				165A4FEF2B196D3A0053AA48 /* referTolater.swift */,
				165A4FF72B1A5C4A0053AA48 /* Networking.swift */,
				165A4FE02B1794EC0053AA48 /* Assets.xcassets */,
				165A4FEB2B1796130053AA48 /* Main.storyboard */,
				165A4FE22B1794EC0053AA48 /* LaunchScreen.storyboard */,
				165A4FE52B1794EC0053AA48 /* Info.plist */,
			);
			path = DressingWithWeather;
			sourceTree = "<group>";
		};
		C2AB03B7000D8562DF19684A /* Pods */ = {
			isa = PBXGroup;
			children = (
				AD0198B64715C3696A433E6E /* Pods-DressingWithWeather.debug.xcconfig */,
				E94512CAC145906CC32A7C16 /* Pods-DressingWithWeather.release.xcconfig */,
			);
			path = Pods;
			sourceTree = "<group>";
		};
		C6DC0B6DA446068C8BB22D56 /* Frameworks */ = {
			isa = PBXGroup;
			children = (
				F326A3A50DFD00BED1FEE23A /* Pods_DressingWithWeather.framework */,
			);
			name = Frameworks;
			sourceTree = "<group>";
		};
/* End PBXGroup section */

/* Begin PBXNativeTarget section */
		165A4FD32B1794EB0053AA48 /* DressingWithWeather */ = {
			isa = PBXNativeTarget;
			buildConfigurationList = 165A4FE82B1794EC0053AA48 /* Build configuration list for PBXNativeTarget "DressingWithWeather" */;
			buildPhases = (
				9B4C083150FBB845E168838F /* [CP] Check Pods Manifest.lock */,
				165A4FD02B1794EB0053AA48 /* Sources */,
				165A4FD12B1794EB0053AA48 /* Frameworks */,
				165A4FD22B1794EB0053AA48 /* Resources */,
				18C1D7B088AFD30EB727A056 /* [CP] Embed Pods Frameworks */,
			);
			buildRules = (
			);
			dependencies = (
			);
			name = DressingWithWeather;
			productName = DressingWithWeather;
			productReference = 165A4FD42B1794EB0053AA48 /* DressingWithWeather.app */;
			productType = "com.apple.product-type.application";
		};
/* End PBXNativeTarget section */

/* Begin PBXProject section */
		165A4FCC2B1794EB0053AA48 /* Project object */ = {
			isa = PBXProject;
			attributes = {
				BuildIndependentTargetsInParallel = 1;
				LastSwiftUpdateCheck = 1430;
				LastUpgradeCheck = 1430;
				TargetAttributes = {
					165A4FD32B1794EB0053AA48 = {
						CreatedOnToolsVersion = 14.3.1;
					};
				};
			};
			buildConfigurationList = 165A4FCF2B1794EB0053AA48 /* Build configuration list for PBXProject "DressingWithWeather" */;
			compatibilityVersion = "Xcode 14.0";
			developmentRegion = en;
			hasScannedForEncodings = 0;
			knownRegions = (
				en,
				Base,
			);
			mainGroup = 165A4FCB2B1794EB0053AA48;
			productRefGroup = 165A4FD52B1794EB0053AA48 /* Products */;
			projectDirPath = "";
			projectRoot = "";
			targets = (
				165A4FD32B1794EB0053AA48 /* DressingWithWeather */,
			);
		};
/* End PBXProject section */

/* Begin PBXResourcesBuildPhase section */
		165A4FD22B1794EB0053AA48 /* Resources */ = {
			isa = PBXResourcesBuildPhase;
			buildActionMask = 2147483647;
			files = (
				165A4FEC2B1796130053AA48 /* Main.storyboard in Resources */,
				165A4FE42B1794EC0053AA48 /* LaunchScreen.storyboard in Resources */,
				165A4FE12B1794EC0053AA48 /* Assets.xcassets in Resources */,
			);
			runOnlyForDeploymentPostprocessing = 0;
		};
/* End PBXResourcesBuildPhase section */

/* Begin PBXShellScriptBuildPhase section */
		18C1D7B088AFD30EB727A056 /* [CP] Embed Pods Frameworks */ = {
			isa = PBXShellScriptBuildPhase;
			buildActionMask = 2147483647;
			files = (
			);
			inputFileListPaths = (
				"${PODS_ROOT}/Target Support Files/Pods-DressingWithWeather/Pods-DressingWithWeather-frameworks-${CONFIGURATION}-input-files.xcfilelist",
			);
			name = "[CP] Embed Pods Frameworks";
			outputFileListPaths = (
				"${PODS_ROOT}/Target Support Files/Pods-DressingWithWeather/Pods-DressingWithWeather-frameworks-${CONFIGURATION}-output-files.xcfilelist",
			);
			runOnlyForDeploymentPostprocessing = 0;
			shellPath = /bin/sh;
			shellScript = "\"${PODS_ROOT}/Target Support Files/Pods-DressingWithWeather/Pods-DressingWithWeather-frameworks.sh\"\n";
			showEnvVarsInLog = 0;
		};
		9B4C083150FBB845E168838F /* [CP] Check Pods Manifest.lock */ = {
			isa = PBXShellScriptBuildPhase;
			buildActionMask = 2147483647;
			files = (
			);
			inputFileListPaths = (
			);
			inputPaths = (
				"${PODS_PODFILE_DIR_PATH}/Podfile.lock",
				"${PODS_ROOT}/Manifest.lock",
			);
			name = "[CP] Check Pods Manifest.lock";
			outputFileListPaths = (
			);
			outputPaths = (
				"$(DERIVED_FILE_DIR)/Pods-DressingWithWeather-checkManifestLockResult.txt",
			);
			runOnlyForDeploymentPostprocessing = 0;
			shellPath = /bin/sh;
			shellScript = "diff \"${PODS_PODFILE_DIR_PATH}/Podfile.lock\" \"${PODS_ROOT}/Manifest.lock\" > /dev/null\nif [ $? != 0 ] ; then\n    # print error to STDERR\n    echo \"error: The sandbox is not in sync with the Podfile.lock. Run 'pod install' or update your CocoaPods installation.\" >&2\n    exit 1\nfi\n# This output is used by Xcode 'outputs' to avoid re-running this script phase.\necho \"SUCCESS\" > \"${SCRIPT_OUTPUT_FILE_0}\"\n";
			showEnvVarsInLog = 0;
		};
/* End PBXShellScriptBuildPhase section */

/* Begin PBXSourcesBuildPhase section */
		165A4FD02B1794EB0053AA48 /* Sources */ = {
			isa = PBXSourcesBuildPhase;
			buildActionMask = 2147483647;
			files = (
				165A4FF02B196D3A0053AA48 /* referTolater.swift in Sources */,
				165A4FDC2B1794EB0053AA48 /* ResultsVC.swift in Sources */,
				165A4FF22B1977FB0053AA48 /* InputVC.swift in Sources */,
				165A4FF82B1A5C4B0053AA48 /* Networking.swift in Sources */,
				165A4FD82B1794EB0053AA48 /* AppDelegate.swift in Sources */,
				165A4FEE2B18819F0053AA48 /* StickmanClothingCell.swift in Sources */,
				165A4FDA2B1794EB0053AA48 /* SceneDelegate.swift in Sources */,
				165A4FF62B1989A00053AA48 /* weatherResponse.swift in Sources */,
			);
			runOnlyForDeploymentPostprocessing = 0;
		};
/* End PBXSourcesBuildPhase section */

/* Begin PBXVariantGroup section */
		165A4FE22B1794EC0053AA48 /* LaunchScreen.storyboard */ = {
			isa = PBXVariantGroup;
			children = (
				165A4FE32B1794EC0053AA48 /* Base */,
			);
			name = LaunchScreen.storyboard;
			sourceTree = "<group>";
		};
/* End PBXVariantGroup section */

/* Begin XCBuildConfiguration section */
		165A4FE62B1794EC0053AA48 /* Debug */ = {
			isa = XCBuildConfiguration;
			buildSettings = {
				ALWAYS_SEARCH_USER_PATHS = NO;
				CLANG_ANALYZER_NONNULL = YES;
				CLANG_ANALYZER_NUMBER_OBJECT_CONVERSION = YES_AGGRESSIVE;
				CLANG_CXX_LANGUAGE_STANDARD = "gnu++20";
				CLANG_ENABLE_MODULES = YES;
				CLANG_ENABLE_OBJC_ARC = YES;
				CLANG_ENABLE_OBJC_WEAK = YES;
				CLANG_WARN_BLOCK_CAPTURE_AUTORELEASING = YES;
				CLANG_WARN_BOOL_CONVERSION = YES;
				CLANG_WARN_COMMA = YES;
				CLANG_WARN_CONSTANT_CONVERSION = YES;
				CLANG_WARN_DEPRECATED_OBJC_IMPLEMENTATIONS = YES;
				CLANG_WARN_DIRECT_OBJC_ISA_USAGE = YES_ERROR;
				CLANG_WARN_DOCUMENTATION_COMMENTS = YES;
				CLANG_WARN_EMPTY_BODY = YES;
				CLANG_WARN_ENUM_CONVERSION = YES;
				CLANG_WARN_INFINITE_RECURSION = YES;
				CLANG_WARN_INT_CONVERSION = YES;
				CLANG_WARN_NON_LITERAL_NULL_CONVERSION = YES;
				CLANG_WARN_OBJC_IMPLICIT_RETAIN_SELF = YES;
				CLANG_WARN_OBJC_LITERAL_CONVERSION = YES;
				CLANG_WARN_OBJC_ROOT_CLASS = YES_ERROR;
				CLANG_WARN_QUOTED_INCLUDE_IN_FRAMEWORK_HEADER = YES;
				CLANG_WARN_RANGE_LOOP_ANALYSIS = YES;
				CLANG_WARN_STRICT_PROTOTYPES = YES;
				CLANG_WARN_SUSPICIOUS_MOVE = YES;
				CLANG_WARN_UNGUARDED_AVAILABILITY = YES_AGGRESSIVE;
				CLANG_WARN_UNREACHABLE_CODE = YES;
				CLANG_WARN__DUPLICATE_METHOD_MATCH = YES;
				COPY_PHASE_STRIP = NO;
				DEBUG_INFORMATION_FORMAT = dwarf;
				ENABLE_STRICT_OBJC_MSGSEND = YES;
				ENABLE_TESTABILITY = YES;
				GCC_C_LANGUAGE_STANDARD = gnu11;
				GCC_DYNAMIC_NO_PIC = NO;
				GCC_NO_COMMON_BLOCKS = YES;
				GCC_OPTIMIZATION_LEVEL = 0;
				GCC_PREPROCESSOR_DEFINITIONS = (
					"DEBUG=1",
					"$(inherited)",
				);
				GCC_WARN_64_TO_32_BIT_CONVERSION = YES;
				GCC_WARN_ABOUT_RETURN_TYPE = YES_ERROR;
				GCC_WARN_UNDECLARED_SELECTOR = YES;
				GCC_WARN_UNINITIALIZED_AUTOS = YES_AGGRESSIVE;
				GCC_WARN_UNUSED_FUNCTION = YES;
				GCC_WARN_UNUSED_VARIABLE = YES;
				IPHONEOS_DEPLOYMENT_TARGET = 16.4;
				MTL_ENABLE_DEBUG_INFO = INCLUDE_SOURCE;
				MTL_FAST_MATH = YES;
				ONLY_ACTIVE_ARCH = YES;
				SDKROOT = iphoneos;
				SWIFT_ACTIVE_COMPILATION_CONDITIONS = DEBUG;
				SWIFT_OPTIMIZATION_LEVEL = "-Onone";
			};
			name = Debug;
		};
		165A4FE72B1794EC0053AA48 /* Release */ = {
			isa = XCBuildConfiguration;
			buildSettings = {
				ALWAYS_SEARCH_USER_PATHS = NO;
				CLANG_ANALYZER_NONNULL = YES;
				CLANG_ANALYZER_NUMBER_OBJECT_CONVERSION = YES_AGGRESSIVE;
				CLANG_CXX_LANGUAGE_STANDARD = "gnu++20";
				CLANG_ENABLE_MODULES = YES;
				CLANG_ENABLE_OBJC_ARC = YES;
				CLANG_ENABLE_OBJC_WEAK = YES;
				CLANG_WARN_BLOCK_CAPTURE_AUTORELEASING = YES;
				CLANG_WARN_BOOL_CONVERSION = YES;
				CLANG_WARN_COMMA = YES;
				CLANG_WARN_CONSTANT_CONVERSION = YES;
				CLANG_WARN_DEPRECATED_OBJC_IMPLEMENTATIONS = YES;
				CLANG_WARN_DIRECT_OBJC_ISA_USAGE = YES_ERROR;
				CLANG_WARN_DOCUMENTATION_COMMENTS = YES;
				CLANG_WARN_EMPTY_BODY = YES;
				CLANG_WARN_ENUM_CONVERSION = YES;
				CLANG_WARN_INFINITE_RECURSION = YES;
				CLANG_WARN_INT_CONVERSION = YES;
				CLANG_WARN_NON_LITERAL_NULL_CONVERSION = YES;
				CLANG_WARN_OBJC_IMPLICIT_RETAIN_SELF = YES;
				CLANG_WARN_OBJC_LITERAL_CONVERSION = YES;
				CLANG_WARN_OBJC_ROOT_CLASS = YES_ERROR;
				CLANG_WARN_QUOTED_INCLUDE_IN_FRAMEWORK_HEADER = YES;
				CLANG_WARN_RANGE_LOOP_ANALYSIS = YES;
				CLANG_WARN_STRICT_PROTOTYPES = YES;
				CLANG_WARN_SUSPICIOUS_MOVE = YES;
				CLANG_WARN_UNGUARDED_AVAILABILITY = YES_AGGRESSIVE;
				CLANG_WARN_UNREACHABLE_CODE = YES;
				CLANG_WARN__DUPLICATE_METHOD_MATCH = YES;
				COPY_PHASE_STRIP = NO;
				DEBUG_INFORMATION_FORMAT = "dwarf-with-dsym";
				ENABLE_NS_ASSERTIONS = NO;
				ENABLE_STRICT_OBJC_MSGSEND = YES;
				GCC_C_LANGUAGE_STANDARD = gnu11;
				GCC_NO_COMMON_BLOCKS = YES;
				GCC_WARN_64_TO_32_BIT_CONVERSION = YES;
				GCC_WARN_ABOUT_RETURN_TYPE = YES_ERROR;
				GCC_WARN_UNDECLARED_SELECTOR = YES;
				GCC_WARN_UNINITIALIZED_AUTOS = YES_AGGRESSIVE;
				GCC_WARN_UNUSED_FUNCTION = YES;
				GCC_WARN_UNUSED_VARIABLE = YES;
				IPHONEOS_DEPLOYMENT_TARGET = 16.4;
				MTL_ENABLE_DEBUG_INFO = NO;
				MTL_FAST_MATH = YES;
				SDKROOT = iphoneos;
				SWIFT_COMPILATION_MODE = wholemodule;
				SWIFT_OPTIMIZATION_LEVEL = "-O";
				VALIDATE_PRODUCT = YES;
			};
			name = Release;
		};
		165A4FE92B1794EC0053AA48 /* Debug */ = {
			isa = XCBuildConfiguration;
			baseConfigurationReference = AD0198B64715C3696A433E6E /* Pods-DressingWithWeather.debug.xcconfig */;
			buildSettings = {
				ASSETCATALOG_COMPILER_APPICON_NAME = AppIcon;
				ASSETCATALOG_COMPILER_GLOBAL_ACCENT_COLOR_NAME = AccentColor;
				CODE_SIGN_STYLE = Automatic;
				CURRENT_PROJECT_VERSION = 1;
				GENERATE_INFOPLIST_FILE = YES;
				INFOPLIST_FILE = DressingWithWeather/Info.plist;
				INFOPLIST_KEY_UIApplicationSupportsIndirectInputEvents = YES;
				INFOPLIST_KEY_UILaunchStoryboardName = LaunchScreen;
				INFOPLIST_KEY_UIMainStoryboardFile = Main;
				INFOPLIST_KEY_UISupportedInterfaceOrientations_iPad = "UIInterfaceOrientationPortrait UIInterfaceOrientationPortraitUpsideDown UIInterfaceOrientationLandscapeLeft UIInterfaceOrientationLandscapeRight";
				INFOPLIST_KEY_UISupportedInterfaceOrientations_iPhone = "UIInterfaceOrientationPortrait UIInterfaceOrientationLandscapeLeft UIInterfaceOrientationLandscapeRight";
				LD_RUNPATH_SEARCH_PATHS = (
					"$(inherited)",
					"@executable_path/Frameworks",
				);
				MARKETING_VERSION = 1.0;
				PRODUCT_BUNDLE_IDENTIFIER = aiden.DressingWithWeather;
				PRODUCT_NAME = "$(TARGET_NAME)";
				SWIFT_EMIT_LOC_STRINGS = YES;
				SWIFT_VERSION = 5.0;
				TARGETED_DEVICE_FAMILY = "1,2";
			};
			name = Debug;
		};
		165A4FEA2B1794EC0053AA48 /* Release */ = {
			isa = XCBuildConfiguration;
			baseConfigurationReference = E94512CAC145906CC32A7C16 /* Pods-DressingWithWeather.release.xcconfig */;
			buildSettings = {
				ASSETCATALOG_COMPILER_APPICON_NAME = AppIcon;
				ASSETCATALOG_COMPILER_GLOBAL_ACCENT_COLOR_NAME = AccentColor;
				CODE_SIGN_STYLE = Automatic;
				CURRENT_PROJECT_VERSION = 1;
				GENERATE_INFOPLIST_FILE = YES;
				INFOPLIST_FILE = DressingWithWeather/Info.plist;
				INFOPLIST_KEY_UIApplicationSupportsIndirectInputEvents = YES;
				INFOPLIST_KEY_UILaunchStoryboardName = LaunchScreen;
				INFOPLIST_KEY_UIMainStoryboardFile = Main;
				INFOPLIST_KEY_UISupportedInterfaceOrientations_iPad = "UIInterfaceOrientationPortrait UIInterfaceOrientationPortraitUpsideDown UIInterfaceOrientationLandscapeLeft UIInterfaceOrientationLandscapeRight";
				INFOPLIST_KEY_UISupportedInterfaceOrientations_iPhone = "UIInterfaceOrientationPortrait UIInterfaceOrientationLandscapeLeft UIInterfaceOrientationLandscapeRight";
				LD_RUNPATH_SEARCH_PATHS = (
					"$(inherited)",
					"@executable_path/Frameworks",
				);
				MARKETING_VERSION = 1.0;
				PRODUCT_BUNDLE_IDENTIFIER = aiden.DressingWithWeather;
				PRODUCT_NAME = "$(TARGET_NAME)";
				SWIFT_EMIT_LOC_STRINGS = YES;
				SWIFT_VERSION = 5.0;
				TARGETED_DEVICE_FAMILY = "1,2";
			};
			name = Release;
		};
/* End XCBuildConfiguration section */

/* Begin XCConfigurationList section */
		165A4FCF2B1794EB0053AA48 /* Build configuration list for PBXProject "DressingWithWeather" */ = {
			isa = XCConfigurationList;
			buildConfigurations = (
				165A4FE62B1794EC0053AA48 /* Debug */,
				165A4FE72B1794EC0053AA48 /* Release */,
			);
			defaultConfigurationIsVisible = 0;
			defaultConfigurationName = Release;
		};
		165A4FE82B1794EC0053AA48 /* Build configuration list for PBXNativeTarget "DressingWithWeather" */ = {
			isa = XCConfigurationList;
			buildConfigurations = (
				165A4FE92B1794EC0053AA48 /* Debug */,
				165A4FEA2B1794EC0053AA48 /* Release */,
			);
			defaultConfigurationIsVisible = 0;
			defaultConfigurationName = Release;
		};
/* End XCConfigurationList section */
	};
	rootObject = 165A4FCC2B1794EB0053AA48 /* Project object */;
}
